
Microsoft Visual Studio Solution File, Format Version 12.00
# Visual Studio Version 16
VisualStudioVersion = 16.0.31410.357
MinimumVisualStudioVersion = 10.0.40219.1
Project("{FAE04EC0-301F-11D3-BF4B-00C04F79EFBC}") = "ProjectFinalEmploye", "ProjectFinalEmploye\ProjectFinalEmploye.csproj", "{2F5CE547-3D01-4E3E-961B-1F2C287AFDDA}"
EndProject
Global
	GlobalSection(SolutionConfigurationPlatforms) = preSolution
		Debug|Any CPU = Debug|Any CPU
		Release|Any CPU = Release|Any CPU
	EndGlobalSection
	GlobalSection(ProjectConfigurationPlatforms) = postSolution
		{2F5CE547-3D01-4E3E-961B-1F2C287AFDDA}.Debug|Any CPU.ActiveCfg = Debug|Any CPU
		{2F5CE547-3D01-4E3E-961B-1F2C287AFDDA}.Debug|Any CPU.Build.0 = Debug|Any CPU
		{2F5CE547-3D01-4E3E-961B-1F2C287AFDDA}.Release|Any CPU.ActiveCfg = Release|Any CPU
		{2F5CE547-3D01-4E3E-961B-1F2C287AFDDA}.Release|Any CPU.Build.0 = Release|Any CPU
	EndGlobalSection
	GlobalSection(SolutionProperties) = preSolution
		HideSolutionNode = FALSE
	EndGlobalSection
	GlobalSection(ExtensibilityGlobals) = postSolution
		SolutionGuid = {1617FE5B-0B24-4AB4-94FC-65EAA4DDC696}
	EndGlobalSection
EndGlobal
